// !$*UTF8*$!
{
	archiveVersion = 1;
	classes = {
	};
	objectVersion = 46;
	objects = {

/* Begin PBXBuildFile section */
		FD1A67BD1AF4773D002B25A0 /* Var.swift in Sources */ = {isa = PBXBuildFile; fileRef = FD1A67BC1AF4773D002B25A0 /* Var.swift */; };
		FD3E8DC91B16AB3B00FD3E0B /* AESCrypt.m in Sources */ = {isa = PBXBuildFile; fileRef = FD3E8DB01B16AB3B00FD3E0B /* AESCrypt.m */; };
		FD3E8DCA1B16AB3B00FD3E0B /* GeneralAO.swift in Sources */ = {isa = PBXBuildFile; fileRef = FD3E8DB21B16AB3B00FD3E0B /* GeneralAO.swift */; };
		FD3E8DCB1B16AB3B00FD3E0B /* GroupAO.swift in Sources */ = {isa = PBXBuildFile; fileRef = FD3E8DB31B16AB3B00FD3E0B /* GroupAO.swift */; };
		FD3E8DCC1B16AB3B00FD3E0B /* GroupAPI.swift in Sources */ = {isa = PBXBuildFile; fileRef = FD3E8DB41B16AB3B00FD3E0B /* GroupAPI.swift */; };
		FD3E8DCD1B16AB3B00FD3E0B /* UserAO.swift in Sources */ = {isa = PBXBuildFile; fileRef = FD3E8DB51B16AB3B00FD3E0B /* UserAO.swift */; };
		FD3E8DCE1B16AB3B00FD3E0B /* UserAPI.swift in Sources */ = {isa = PBXBuildFile; fileRef = FD3E8DB61B16AB3B00FD3E0B /* UserAPI.swift */; };
		FD3E8DCF1B16AB3B00FD3E0B /* FriendViewController.swift in Sources */ = {isa = PBXBuildFile; fileRef = FD3E8DB81B16AB3B00FD3E0B /* FriendViewController.swift */; };
		FD3E8DD01B16AB3B00FD3E0B /* GroupViewController.swift in Sources */ = {isa = PBXBuildFile; fileRef = FD3E8DB91B16AB3B00FD3E0B /* GroupViewController.swift */; };
		FD3E8DD11B16AB3B00FD3E0B /* MainViewController.swift in Sources */ = {isa = PBXBuildFile; fileRef = FD3E8DBA1B16AB3B00FD3E0B /* MainViewController.swift */; };
		FD3E8DD21B16AB3B00FD3E0B /* ProfileViewController.swift in Sources */ = {isa = PBXBuildFile; fileRef = FD3E8DBB1B16AB3B00FD3E0B /* ProfileViewController.swift */; };
		FD3E8DD31B16AB3B00FD3E0B /* AuthViewController.swift in Sources */ = {isa = PBXBuildFile; fileRef = FD3E8DBC1B16AB3B00FD3E0B /* AuthViewController.swift */; };
		FD3E8DD41B16AB3B00FD3E0B /* UserInfoViewController.swift in Sources */ = {isa = PBXBuildFile; fileRef = FD3E8DBD1B16AB3B00FD3E0B /* UserInfoViewController.swift */; };
		FD3E8DD51B16AB3B00FD3E0B /* UserListViewController.swift in Sources */ = {isa = PBXBuildFile; fileRef = FD3E8DBE1B16AB3B00FD3E0B /* UserListViewController.swift */; };
		FD3E8DD61B16AB3B00FD3E0B /* Main.storyboard in Resources */ = {isa = PBXBuildFile; fileRef = FD3E8DBF1B16AB3B00FD3E0B /* Main.storyboard */; };
		FD3E8DD71B16AB3B00FD3E0B /* Alamofire.swift in Sources */ = {isa = PBXBuildFile; fileRef = FD3E8DC11B16AB3B00FD3E0B /* Alamofire.swift */; };
		FD3E8DD81B16AB3B00FD3E0B /* MBProgressHUD.m in Sources */ = {isa = PBXBuildFile; fileRef = FD3E8DC31B16AB3B00FD3E0B /* MBProgressHUD.m */; };
		FD3E8DDD1B16C14A00FD3E0B /* json.swift in Sources */ = {isa = PBXBuildFile; fileRef = FD3E8DDC1B16C14A00FD3E0B /* json.swift */; };
		FD3E8DDF1B16C40900FD3E0B /* Req.swift in Sources */ = {isa = PBXBuildFile; fileRef = FD3E8DDE1B16C40900FD3E0B /* Req.swift */; };
		FD3E8DE11B16D76C00FD3E0B /* JSONUtils.swift in Sources */ = {isa = PBXBuildFile; fileRef = FD3E8DE01B16D76C00FD3E0B /* JSONUtils.swift */; };
		FD3E8DE61B16FD0E00FD3E0B /* BarItem.m in Sources */ = {isa = PBXBuildFile; fileRef = FD3E8DE31B16FD0E00FD3E0B /* BarItem.m */; };
		FD3E8DEB1B17092200FD3E0B /* storehouse.plist in Resources */ = {isa = PBXBuildFile; fileRef = FD3E8DEA1B17092200FD3E0B /* storehouse.plist */; };
		FD42A30D1AECB218003495C3 /* AppDelegate.swift in Sources */ = {isa = PBXBuildFile; fileRef = FD42A30C1AECB218003495C3 /* AppDelegate.swift */; };
		FD42A3141AECB218003495C3 /* Images.xcassets in Resources */ = {isa = PBXBuildFile; fileRef = FD42A3131AECB218003495C3 /* Images.xcassets */; };
		FD42A3171AECB218003495C3 /* LaunchScreen.xib in Resources */ = {isa = PBXBuildFile; fileRef = FD42A3151AECB218003495C3 /* LaunchScreen.xib */; };
		FD42A3231AECB218003495C3 /* GroupContactTests.swift in Sources */ = {isa = PBXBuildFile; fileRef = FD42A3221AECB218003495C3 /* GroupContactTests.swift */; };
		FD4C96FE1B194D0000FF4D8D /* ColorUtils.swift in Sources */ = {isa = PBXBuildFile; fileRef = FD4C96FD1B194D0000FF4D8D /* ColorUtils.swift */; };
		FD4C97001B194FFB00FF4D8D /* UIColorExtension.swift in Sources */ = {isa = PBXBuildFile; fileRef = FD4C96FF1B194FFB00FF4D8D /* UIColorExtension.swift */; };
		FD4C97021B19537200FF4D8D /* NamePhoneTableViewCell.swift in Sources */ = {isa = PBXBuildFile; fileRef = FD4C97011B19537200FF4D8D /* NamePhoneTableViewCell.swift */; };
		FD4C97041B1958AA00FF4D8D /* NameDescTableViewCell.swift in Sources */ = {isa = PBXBuildFile; fileRef = FD4C97031B1958AA00FF4D8D /* NameDescTableViewCell.swift */; };
		FDC31B1D1AEF35420073A77C /* Let.swift in Sources */ = {isa = PBXBuildFile; fileRef = FDC31B1C1AEF35420073A77C /* Let.swift */; };
		FDD080451B18336500756C2F /* Handler.swift in Sources */ = {isa = PBXBuildFile; fileRef = FDD080441B18336500756C2F /* Handler.swift */; };
		FDD0804B1B1872DD00756C2F /* TWMessageBarManager.m in Sources */ = {isa = PBXBuildFile; fileRef = FDD0804A1B1872DD00756C2F /* TWMessageBarManager.m */; };
/* End PBXBuildFile section */

/* Begin PBXContainerItemProxy section */
		FD42A31D1AECB218003495C3 /* PBXContainerItemProxy */ = {
			isa = PBXContainerItemProxy;
			containerPortal = FD42A2FF1AECB218003495C3 /* Project object */;
			proxyType = 1;
			remoteGlobalIDString = FD42A3061AECB218003495C3;
			remoteInfo = GroupContact;
		};
/* End PBXContainerItemProxy section */

/* Begin PBXFileReference section */
		FD1A67BC1AF4773D002B25A0 /* Var.swift */ = {isa = PBXFileReference; fileEncoding = 4; lastKnownFileType = sourcecode.swift; path = Var.swift; sourceTree = "<group>"; };
		FD3E8DAF1B16AB3B00FD3E0B /* AESCrypt.h */ = {isa = PBXFileReference; fileEncoding = 4; lastKnownFileType = sourcecode.c.h; path = AESCrypt.h; sourceTree = "<group>"; };
		FD3E8DB01B16AB3B00FD3E0B /* AESCrypt.m */ = {isa = PBXFileReference; fileEncoding = 4; lastKnownFileType = sourcecode.c.objc; path = AESCrypt.m; sourceTree = "<group>"; };
		FD3E8DB21B16AB3B00FD3E0B /* GeneralAO.swift */ = {isa = PBXFileReference; fileEncoding = 4; lastKnownFileType = sourcecode.swift; path = GeneralAO.swift; sourceTree = "<group>"; };
		FD3E8DB31B16AB3B00FD3E0B /* GroupAO.swift */ = {isa = PBXFileReference; fileEncoding = 4; lastKnownFileType = sourcecode.swift; path = GroupAO.swift; sourceTree = "<group>"; };
		FD3E8DB41B16AB3B00FD3E0B /* GroupAPI.swift */ = {isa = PBXFileReference; fileEncoding = 4; lastKnownFileType = sourcecode.swift; path = GroupAPI.swift; sourceTree = "<group>"; };
		FD3E8DB51B16AB3B00FD3E0B /* UserAO.swift */ = {isa = PBXFileReference; fileEncoding = 4; lastKnownFileType = sourcecode.swift; path = UserAO.swift; sourceTree = "<group>"; };
		FD3E8DB61B16AB3B00FD3E0B /* UserAPI.swift */ = {isa = PBXFileReference; fileEncoding = 4; lastKnownFileType = sourcecode.swift; path = UserAPI.swift; sourceTree = "<group>"; };
		FD3E8DB81B16AB3B00FD3E0B /* FriendViewController.swift */ = {isa = PBXFileReference; fileEncoding = 4; lastKnownFileType = sourcecode.swift; path = FriendViewController.swift; sourceTree = "<group>"; };
		FD3E8DB91B16AB3B00FD3E0B /* GroupViewController.swift */ = {isa = PBXFileReference; fileEncoding = 4; lastKnownFileType = sourcecode.swift; path = GroupViewController.swift; sourceTree = "<group>"; };
		FD3E8DBA1B16AB3B00FD3E0B /* MainViewController.swift */ = {isa = PBXFileReference; fileEncoding = 4; lastKnownFileType = sourcecode.swift; path = MainViewController.swift; sourceTree = "<group>"; };
		FD3E8DBB1B16AB3B00FD3E0B /* ProfileViewController.swift */ = {isa = PBXFileReference; fileEncoding = 4; lastKnownFileType = sourcecode.swift; path = ProfileViewController.swift; sourceTree = "<group>"; };
		FD3E8DBC1B16AB3B00FD3E0B /* AuthViewController.swift */ = {isa = PBXFileReference; fileEncoding = 4; lastKnownFileType = sourcecode.swift; path = AuthViewController.swift; sourceTree = "<group>"; };
		FD3E8DBD1B16AB3B00FD3E0B /* UserInfoViewController.swift */ = {isa = PBXFileReference; fileEncoding = 4; lastKnownFileType = sourcecode.swift; path = UserInfoViewController.swift; sourceTree = "<group>"; };
		FD3E8DBE1B16AB3B00FD3E0B /* UserListViewController.swift */ = {isa = PBXFileReference; fileEncoding = 4; lastKnownFileType = sourcecode.swift; path = UserListViewController.swift; sourceTree = "<group>"; };
		FD3E8DBF1B16AB3B00FD3E0B /* Main.storyboard */ = {isa = PBXFileReference; fileEncoding = 4; lastKnownFileType = file.storyboard; path = Main.storyboard; sourceTree = "<group>"; };
		FD3E8DC11B16AB3B00FD3E0B /* Alamofire.swift */ = {isa = PBXFileReference; fileEncoding = 4; lastKnownFileType = sourcecode.swift; path = Alamofire.swift; sourceTree = "<group>"; };
		FD3E8DC21B16AB3B00FD3E0B /* MBProgressHUD.h */ = {isa = PBXFileReference; fileEncoding = 4; lastKnownFileType = sourcecode.c.h; path = MBProgressHUD.h; sourceTree = "<group>"; };
		FD3E8DC31B16AB3B00FD3E0B /* MBProgressHUD.m */ = {isa = PBXFileReference; fileEncoding = 4; lastKnownFileType = sourcecode.c.objc; path = MBProgressHUD.m; sourceTree = "<group>"; };
		FD3E8DDC1B16C14A00FD3E0B /* json.swift */ = {isa = PBXFileReference; fileEncoding = 4; lastKnownFileType = sourcecode.swift; path = json.swift; sourceTree = "<group>"; };
		FD3E8DDE1B16C40900FD3E0B /* Req.swift */ = {isa = PBXFileReference; fileEncoding = 4; lastKnownFileType = sourcecode.swift; path = Req.swift; sourceTree = "<group>"; };
		FD3E8DE01B16D76C00FD3E0B /* JSONUtils.swift */ = {isa = PBXFileReference; fileEncoding = 4; lastKnownFileType = sourcecode.swift; path = JSONUtils.swift; sourceTree = "<group>"; };
		FD3E8DE21B16FD0E00FD3E0B /* BarItem.h */ = {isa = PBXFileReference; fileEncoding = 4; lastKnownFileType = sourcecode.c.h; path = BarItem.h; sourceTree = "<group>"; };
		FD3E8DE31B16FD0E00FD3E0B /* BarItem.m */ = {isa = PBXFileReference; fileEncoding = 4; lastKnownFileType = sourcecode.c.objc; path = BarItem.m; sourceTree = "<group>"; };
		FD3E8DEA1B17092200FD3E0B /* storehouse.plist */ = {isa = PBXFileReference; fileEncoding = 4; lastKnownFileType = text.plist.xml; path = storehouse.plist; sourceTree = "<group>"; };
		FD42A3071AECB218003495C3 /* GroupContact.app */ = {isa = PBXFileReference; explicitFileType = wrapper.application; includeInIndex = 0; path = GroupContact.app; sourceTree = BUILT_PRODUCTS_DIR; };
		FD42A30B1AECB218003495C3 /* Info.plist */ = {isa = PBXFileReference; lastKnownFileType = text.plist.xml; path = Info.plist; sourceTree = "<group>"; };
		FD42A30C1AECB218003495C3 /* AppDelegate.swift */ = {isa = PBXFileReference; lastKnownFileType = sourcecode.swift; path = AppDelegate.swift; sourceTree = "<group>"; };
		FD42A3131AECB218003495C3 /* Images.xcassets */ = {isa = PBXFileReference; lastKnownFileType = folder.assetcatalog; path = Images.xcassets; sourceTree = "<group>"; };
		FD42A3161AECB218003495C3 /* Base */ = {isa = PBXFileReference; lastKnownFileType = file.xib; name = Base; path = Base.lproj/LaunchScreen.xib; sourceTree = "<group>"; };
		FD42A31C1AECB218003495C3 /* GroupContactTests.xctest */ = {isa = PBXFileReference; explicitFileType = wrapper.cfbundle; includeInIndex = 0; path = GroupContactTests.xctest; sourceTree = BUILT_PRODUCTS_DIR; };
		FD42A3211AECB218003495C3 /* Info.plist */ = {isa = PBXFileReference; lastKnownFileType = text.plist.xml; path = Info.plist; sourceTree = "<group>"; };
		FD42A3221AECB218003495C3 /* GroupContactTests.swift */ = {isa = PBXFileReference; lastKnownFileType = sourcecode.swift; path = GroupContactTests.swift; sourceTree = "<group>"; };
		FD4C96FD1B194D0000FF4D8D /* ColorUtils.swift */ = {isa = PBXFileReference; fileEncoding = 4; lastKnownFileType = sourcecode.swift; path = ColorUtils.swift; sourceTree = "<group>"; };
		FD4C96FF1B194FFB00FF4D8D /* UIColorExtension.swift */ = {isa = PBXFileReference; fileEncoding = 4; lastKnownFileType = sourcecode.swift; path = UIColorExtension.swift; sourceTree = "<group>"; };
		FD4C97011B19537200FF4D8D /* NamePhoneTableViewCell.swift */ = {isa = PBXFileReference; fileEncoding = 4; lastKnownFileType = sourcecode.swift; name = NamePhoneTableViewCell.swift; path = view/NamePhoneTableViewCell.swift; sourceTree = "<group>"; };
		FD4C97031B1958AA00FF4D8D /* NameDescTableViewCell.swift */ = {isa = PBXFileReference; fileEncoding = 4; lastKnownFileType = sourcecode.swift; name = NameDescTableViewCell.swift; path = view/NameDescTableViewCell.swift; sourceTree = "<group>"; };
		FDC31B1C1AEF35420073A77C /* Let.swift */ = {isa = PBXFileReference; fileEncoding = 4; lastKnownFileType = sourcecode.swift; path = Let.swift; sourceTree = "<group>"; };
		FDD080441B18336500756C2F /* Handler.swift */ = {isa = PBXFileReference; fileEncoding = 4; lastKnownFileType = sourcecode.swift; path = Handler.swift; sourceTree = "<group>"; };
		FDD080491B1872DD00756C2F /* TWMessageBarManager.h */ = {isa = PBXFileReference; fileEncoding = 4; lastKnownFileType = sourcecode.c.h; path = TWMessageBarManager.h; sourceTree = "<group>"; };
		FDD0804A1B1872DD00756C2F /* TWMessageBarManager.m */ = {isa = PBXFileReference; fileEncoding = 4; lastKnownFileType = sourcecode.c.objc; path = TWMessageBarManager.m; sourceTree = "<group>"; };
		FDD0E9581AF1D53700231EF6 /* GroupContact-Bridging-Header.h */ = {isa = PBXFileReference; lastKnownFileType = sourcecode.c.h; path = "GroupContact-Bridging-Header.h"; sourceTree = "<group>"; };
/* End PBXFileReference section */

/* Begin PBXFrameworksBuildPhase section */
		FD42A3041AECB218003495C3 /* Frameworks */ = {
			isa = PBXFrameworksBuildPhase;
			buildActionMask = 2147483647;
			files = (
			);
			runOnlyForDeploymentPostprocessing = 0;
		};
		FD42A3191AECB218003495C3 /* Frameworks */ = {
			isa = PBXFrameworksBuildPhase;
			buildActionMask = 2147483647;
			files = (
			);
			runOnlyForDeploymentPostprocessing = 0;
		};
/* End PBXFrameworksBuildPhase section */

/* Begin PBXGroup section */
		FD3E8DAE1B16AB3B00FD3E0B /* aes */ = {
			isa = PBXGroup;
			children = (
				FD3E8DAF1B16AB3B00FD3E0B /* AESCrypt.h */,
				FD3E8DB01B16AB3B00FD3E0B /* AESCrypt.m */,
			);
			path = aes;
			sourceTree = "<group>";
		};
		FD3E8DB11B16AB3B00FD3E0B /* api */ = {
			isa = PBXGroup;
			children = (
				FD3E8DB21B16AB3B00FD3E0B /* GeneralAO.swift */,
				FD3E8DB31B16AB3B00FD3E0B /* GroupAO.swift */,
				FD3E8DB41B16AB3B00FD3E0B /* GroupAPI.swift */,
				FD3E8DB51B16AB3B00FD3E0B /* UserAO.swift */,
				FD3E8DB61B16AB3B00FD3E0B /* UserAPI.swift */,
				FD3E8DDE1B16C40900FD3E0B /* Req.swift */,
				FDD080441B18336500756C2F /* Handler.swift */,
			);
			path = api;
			sourceTree = "<group>";
		};
		FD3E8DB71B16AB3B00FD3E0B /* controllers */ = {
			isa = PBXGroup;
			children = (
				FD3E8DB81B16AB3B00FD3E0B /* FriendViewController.swift */,
				FD3E8DB91B16AB3B00FD3E0B /* GroupViewController.swift */,
				FD3E8DBA1B16AB3B00FD3E0B /* MainViewController.swift */,
				FD3E8DBB1B16AB3B00FD3E0B /* ProfileViewController.swift */,
				FD3E8DBC1B16AB3B00FD3E0B /* AuthViewController.swift */,
				FD3E8DBD1B16AB3B00FD3E0B /* UserInfoViewController.swift */,
				FD3E8DBE1B16AB3B00FD3E0B /* UserListViewController.swift */,
			);
			path = controllers;
			sourceTree = "<group>";
		};
		FD3E8DC01B16AB3B00FD3E0B /* third */ = {
			isa = PBXGroup;
			children = (
				FDD080491B1872DD00756C2F /* TWMessageBarManager.h */,
				FDD0804A1B1872DD00756C2F /* TWMessageBarManager.m */,
				FD3E8DE21B16FD0E00FD3E0B /* BarItem.h */,
				FD3E8DE31B16FD0E00FD3E0B /* BarItem.m */,
				FD3E8DC11B16AB3B00FD3E0B /* Alamofire.swift */,
				FD3E8DC21B16AB3B00FD3E0B /* MBProgressHUD.h */,
				FD3E8DC31B16AB3B00FD3E0B /* MBProgressHUD.m */,
				FD3E8DDC1B16C14A00FD3E0B /* json.swift */,
				FD4C96FF1B194FFB00FF4D8D /* UIColorExtension.swift */,
			);
			path = third;
			sourceTree = "<group>";
		};
		FD3E8DC51B16AB3B00FD3E0B /* util */ = {
			isa = PBXGroup;
			children = (
				FD3E8DE01B16D76C00FD3E0B /* JSONUtils.swift */,
				FD4C96FD1B194D0000FF4D8D /* ColorUtils.swift */,
			);
			path = util;
			sourceTree = "<group>";
		};
		FD42A2FE1AECB218003495C3 = {
			isa = PBXGroup;
			children = (
				FD42A3091AECB218003495C3 /* GroupContact */,
				FD42A31F1AECB218003495C3 /* GroupContactTests */,
				FD42A3081AECB218003495C3 /* Products */,
			);
			sourceTree = "<group>";
		};
		FD42A3081AECB218003495C3 /* Products */ = {
			isa = PBXGroup;
			children = (
				FD42A3071AECB218003495C3 /* GroupContact.app */,
				FD42A31C1AECB218003495C3 /* GroupContactTests.xctest */,
			);
			name = Products;
			sourceTree = "<group>";
		};
		FD42A3091AECB218003495C3 /* GroupContact */ = {
			isa = PBXGroup;
			children = (
				FDD080481B1865E800756C2F /* view */,
				FD3E8DAE1B16AB3B00FD3E0B /* aes */,
				FD3E8DB11B16AB3B00FD3E0B /* api */,
				FD3E8DB71B16AB3B00FD3E0B /* controllers */,
				FD3E8DC01B16AB3B00FD3E0B /* third */,
				FD3E8DC51B16AB3B00FD3E0B /* util */,
				FDD0E9581AF1D53700231EF6 /* GroupContact-Bridging-Header.h */,
				FDC31B1C1AEF35420073A77C /* Let.swift */,
				FD1A67BC1AF4773D002B25A0 /* Var.swift */,
				FD3E8DBF1B16AB3B00FD3E0B /* Main.storyboard */,
				FD42A30C1AECB218003495C3 /* AppDelegate.swift */,
				FD42A30A1AECB218003495C3 /* Supporting Files */,
			);
			path = GroupContact;
			sourceTree = "<group>";
		};
		FD42A30A1AECB218003495C3 /* Supporting Files */ = {
			isa = PBXGroup;
			children = (
				FD3E8DEA1B17092200FD3E0B /* storehouse.plist */,
				FD42A3131AECB218003495C3 /* Images.xcassets */,
				FD42A3151AECB218003495C3 /* LaunchScreen.xib */,
				FD42A30B1AECB218003495C3 /* Info.plist */,
			);
			name = "Supporting Files";
			sourceTree = "<group>";
		};
		FD42A31F1AECB218003495C3 /* GroupContactTests */ = {
			isa = PBXGroup;
			children = (
				FD42A3221AECB218003495C3 /* GroupContactTests.swift */,
				FD42A3201AECB218003495C3 /* Supporting Files */,
			);
			path = GroupContactTests;
			sourceTree = "<group>";
		};
		FD42A3201AECB218003495C3 /* Supporting Files */ = {
			isa = PBXGroup;
			children = (
				FD42A3211AECB218003495C3 /* Info.plist */,
			);
			name = "Supporting Files";
			sourceTree = "<group>";
		};
		FDD080481B1865E800756C2F /* view */ = {
			isa = PBXGroup;
			children = (
				FD4C97011B19537200FF4D8D /* NamePhoneTableViewCell.swift */,
				FD4C97031B1958AA00FF4D8D /* NameDescTableViewCell.swift */,
			);
			name = view;
			sourceTree = "<group>";
		};
/* End PBXGroup section */

/* Begin PBXNativeTarget section */
		FD42A3061AECB218003495C3 /* GroupContact */ = {
			isa = PBXNativeTarget;
			buildConfigurationList = FD42A3261AECB218003495C3 /* Build configuration list for PBXNativeTarget "GroupContact" */;
			buildPhases = (
				FD42A3031AECB218003495C3 /* Sources */,
				FD42A3041AECB218003495C3 /* Frameworks */,
				FD42A3051AECB218003495C3 /* Resources */,
			);
			buildRules = (
			);
			dependencies = (
			);
			name = GroupContact;
			productName = GroupContact;
			productReference = FD42A3071AECB218003495C3 /* GroupContact.app */;
			productType = "com.apple.product-type.application";
		};
		FD42A31B1AECB218003495C3 /* GroupContactTests */ = {
			isa = PBXNativeTarget;
			buildConfigurationList = FD42A3291AECB218003495C3 /* Build configuration list for PBXNativeTarget "GroupContactTests" */;
			buildPhases = (
				FD42A3181AECB218003495C3 /* Sources */,
				FD42A3191AECB218003495C3 /* Frameworks */,
				FD42A31A1AECB218003495C3 /* Resources */,
			);
			buildRules = (
			);
			dependencies = (
				FD42A31E1AECB218003495C3 /* PBXTargetDependency */,
			);
			name = GroupContactTests;
			productName = GroupContactTests;
			productReference = FD42A31C1AECB218003495C3 /* GroupContactTests.xctest */;
			productType = "com.apple.product-type.bundle.unit-test";
		};
/* End PBXNativeTarget section */

/* Begin PBXProject section */
		FD42A2FF1AECB218003495C3 /* Project object */ = {
			isa = PBXProject;
			attributes = {
				LastUpgradeCheck = 0630;
				ORGANIZATIONNAME = "Haibing Zhou";
				TargetAttributes = {
					FD42A3061AECB218003495C3 = {
						CreatedOnToolsVersion = 6.3.1;
					};
					FD42A31B1AECB218003495C3 = {
						CreatedOnToolsVersion = 6.3.1;
						TestTargetID = FD42A3061AECB218003495C3;
					};
				};
			};
			buildConfigurationList = FD42A3021AECB218003495C3 /* Build configuration list for PBXProject "GroupContact" */;
			compatibilityVersion = "Xcode 3.2";
			developmentRegion = English;
			hasScannedForEncodings = 0;
			knownRegions = (
				en,
				Base,
			);
			mainGroup = FD42A2FE1AECB218003495C3;
			productRefGroup = FD42A3081AECB218003495C3 /* Products */;
			projectDirPath = "";
			projectRoot = "";
			targets = (
				FD42A3061AECB218003495C3 /* GroupContact */,
				FD42A31B1AECB218003495C3 /* GroupContactTests */,
			);
		};
/* End PBXProject section */

/* Begin PBXResourcesBuildPhase section */
		FD42A3051AECB218003495C3 /* Resources */ = {
			isa = PBXResourcesBuildPhase;
			buildActionMask = 2147483647;
			files = (
				FD3E8DD61B16AB3B00FD3E0B /* Main.storyboard in Resources */,
				FD42A3171AECB218003495C3 /* LaunchScreen.xib in Resources */,
				FD42A3141AECB218003495C3 /* Images.xcassets in Resources */,
				FD3E8DEB1B17092200FD3E0B /* storehouse.plist in Resources */,
			);
			runOnlyForDeploymentPostprocessing = 0;
		};
		FD42A31A1AECB218003495C3 /* Resources */ = {
			isa = PBXResourcesBuildPhase;
			buildActionMask = 2147483647;
			files = (
			);
			runOnlyForDeploymentPostprocessing = 0;
		};
/* End PBXResourcesBuildPhase section */

/* Begin PBXSourcesBuildPhase section */
		FD42A3031AECB218003495C3 /* Sources */ = {
			isa = PBXSourcesBuildPhase;
			buildActionMask = 2147483647;
			files = (
				FD3E8DC91B16AB3B00FD3E0B /* AESCrypt.m in Sources */,
				FD4C97041B1958AA00FF4D8D /* NameDescTableViewCell.swift in Sources */,
				FD3E8DD51B16AB3B00FD3E0B /* UserListViewController.swift in Sources */,
				FDD080451B18336500756C2F /* Handler.swift in Sources */,
				FD3E8DCC1B16AB3B00FD3E0B /* GroupAPI.swift in Sources */,
				FD3E8DDF1B16C40900FD3E0B /* Req.swift in Sources */,
				FD3E8DCA1B16AB3B00FD3E0B /* GeneralAO.swift in Sources */,
				FD3E8DD31B16AB3B00FD3E0B /* AuthViewController.swift in Sources */,
				FD3E8DD11B16AB3B00FD3E0B /* MainViewController.swift in Sources */,
				FD3E8DD01B16AB3B00FD3E0B /* GroupViewController.swift in Sources */,
				FD1A67BD1AF4773D002B25A0 /* Var.swift in Sources */,
				FDD0804B1B1872DD00756C2F /* TWMessageBarManager.m in Sources */,
				FD3E8DD41B16AB3B00FD3E0B /* UserInfoViewController.swift in Sources */,
				FD4C96FE1B194D0000FF4D8D /* ColorUtils.swift in Sources */,
				FD4C97001B194FFB00FF4D8D /* UIColorExtension.swift in Sources */,
				FD3E8DDD1B16C14A00FD3E0B /* json.swift in Sources */,
				FD3E8DCF1B16AB3B00FD3E0B /* FriendViewController.swift in Sources */,
				FD3E8DE11B16D76C00FD3E0B /* JSONUtils.swift in Sources */,
				FDC31B1D1AEF35420073A77C /* Let.swift in Sources */,
				FD42A30D1AECB218003495C3 /* AppDelegate.swift in Sources */,
				FD3E8DE61B16FD0E00FD3E0B /* BarItem.m in Sources */,
				FD3E8DCD1B16AB3B00FD3E0B /* UserAO.swift in Sources */,
				FD3E8DD81B16AB3B00FD3E0B /* MBProgressHUD.m in Sources */,
				FD3E8DD21B16AB3B00FD3E0B /* ProfileViewController.swift in Sources */,
				FD3E8DD71B16AB3B00FD3E0B /* Alamofire.swift in Sources */,
				FD4C97021B19537200FF4D8D /* NamePhoneTableViewCell.swift in Sources */,
				FD3E8DCB1B16AB3B00FD3E0B /* GroupAO.swift in Sources */,
				FD3E8DCE1B16AB3B00FD3E0B /* UserAPI.swift in Sources */,
			);
			runOnlyForDeploymentPostprocessing = 0;
		};
		FD42A3181AECB218003495C3 /* Sources */ = {
			isa = PBXSourcesBuildPhase;
			buildActionMask = 2147483647;
			files = (
				FD42A3231AECB218003495C3 /* GroupContactTests.swift in Sources */,
			);
			runOnlyForDeploymentPostprocessing = 0;
		};
/* End PBXSourcesBuildPhase section */

/* Begin PBXTargetDependency section */
		FD42A31E1AECB218003495C3 /* PBXTargetDependency */ = {
			isa = PBXTargetDependency;
			target = FD42A3061AECB218003495C3 /* GroupContact */;
			targetProxy = FD42A31D1AECB218003495C3 /* PBXContainerItemProxy */;
		};
/* End PBXTargetDependency section */

/* Begin PBXVariantGroup section */
		FD42A3151AECB218003495C3 /* LaunchScreen.xib */ = {
			isa = PBXVariantGroup;
			children = (
				FD42A3161AECB218003495C3 /* Base */,
			);
			name = LaunchScreen.xib;
			sourceTree = "<group>";
		};
/* End PBXVariantGroup section */

/* Begin XCBuildConfiguration section */
		FD42A3241AECB218003495C3 /* Debug */ = {
			isa = XCBuildConfiguration;
			buildSettings = {
				ALWAYS_SEARCH_USER_PATHS = NO;
				CLANG_CXX_LANGUAGE_STANDARD = "gnu++0x";
				CLANG_CXX_LIBRARY = "libc++";
				CLANG_ENABLE_MODULES = YES;
				CLANG_ENABLE_OBJC_ARC = YES;
				CLANG_WARN_BOOL_CONVERSION = YES;
				CLANG_WARN_CONSTANT_CONVERSION = YES;
				CLANG_WARN_DIRECT_OBJC_ISA_USAGE = YES_ERROR;
				CLANG_WARN_EMPTY_BODY = YES;
				CLANG_WARN_ENUM_CONVERSION = YES;
				CLANG_WARN_INT_CONVERSION = YES;
				CLANG_WARN_OBJC_ROOT_CLASS = YES_ERROR;
				CLANG_WARN_UNREACHABLE_CODE = YES;
				CLANG_WARN__DUPLICATE_METHOD_MATCH = YES;
				"CODE_SIGN_IDENTITY[sdk=iphoneos*]" = "iPhone Developer";
				COPY_PHASE_STRIP = NO;
				DEBUG_INFORMATION_FORMAT = "dwarf-with-dsym";
				ENABLE_STRICT_OBJC_MSGSEND = YES;
				GCC_C_LANGUAGE_STANDARD = gnu99;
				GCC_DYNAMIC_NO_PIC = NO;
				GCC_NO_COMMON_BLOCKS = YES;
				GCC_OPTIMIZATION_LEVEL = 0;
				GCC_PREPROCESSOR_DEFINITIONS = (
					"DEBUG=1",
					"$(inherited)",
				);
				GCC_SYMBOLS_PRIVATE_EXTERN = NO;
				GCC_WARN_64_TO_32_BIT_CONVERSION = YES;
				GCC_WARN_ABOUT_RETURN_TYPE = YES_ERROR;
				GCC_WARN_UNDECLARED_SELECTOR = YES;
				GCC_WARN_UNINITIALIZED_AUTOS = YES_AGGRESSIVE;
				GCC_WARN_UNUSED_FUNCTION = YES;
				GCC_WARN_UNUSED_VARIABLE = YES;
				IPHONEOS_DEPLOYMENT_TARGET = 8.3;
				MTL_ENABLE_DEBUG_INFO = YES;
				ONLY_ACTIVE_ARCH = YES;
				SDKROOT = iphoneos;
				SWIFT_OPTIMIZATION_LEVEL = "-Onone";
			};
			name = Debug;
		};
		FD42A3251AECB218003495C3 /* Release */ = {
			isa = XCBuildConfiguration;
			buildSettings = {
				ALWAYS_SEARCH_USER_PATHS = NO;
				CLANG_CXX_LANGUAGE_STANDARD = "gnu++0x";
				CLANG_CXX_LIBRARY = "libc++";
				CLANG_ENABLE_MODULES = YES;
				CLANG_ENABLE_OBJC_ARC = YES;
				CLANG_WARN_BOOL_CONVERSION = YES;
				CLANG_WARN_CONSTANT_CONVERSION = YES;
				CLANG_WARN_DIRECT_OBJC_ISA_USAGE = YES_ERROR;
				CLANG_WARN_EMPTY_BODY = YES;
				CLANG_WARN_ENUM_CONVERSION = YES;
				CLANG_WARN_INT_CONVERSION = YES;
				CLANG_WARN_OBJC_ROOT_CLASS = YES_ERROR;
				CLANG_WARN_UNREACHABLE_CODE = YES;
				CLANG_WARN__DUPLICATE_METHOD_MATCH = YES;
				"CODE_SIGN_IDENTITY[sdk=iphoneos*]" = "iPhone Developer";
				COPY_PHASE_STRIP = NO;
				DEBUG_INFORMATION_FORMAT = "dwarf-with-dsym";
				ENABLE_NS_ASSERTIONS = NO;
				ENABLE_STRICT_OBJC_MSGSEND = YES;
				GCC_C_LANGUAGE_STANDARD = gnu99;
				GCC_NO_COMMON_BLOCKS = YES;
				GCC_WARN_64_TO_32_BIT_CONVERSION = YES;
				GCC_WARN_ABOUT_RETURN_TYPE = YES_ERROR;
				GCC_WARN_UNDECLARED_SELECTOR = YES;
				GCC_WARN_UNINITIALIZED_AUTOS = YES_AGGRESSIVE;
				GCC_WARN_UNUSED_FUNCTION = YES;
				GCC_WARN_UNUSED_VARIABLE = YES;
				IPHONEOS_DEPLOYMENT_TARGET = 8.3;
				MTL_ENABLE_DEBUG_INFO = NO;
				SDKROOT = iphoneos;
				VALIDATE_PRODUCT = YES;
			};
			name = Release;
		};
		FD42A3271AECB218003495C3 /* Debug */ = {
			isa = XCBuildConfiguration;
			buildSettings = {
				ASSETCATALOG_COMPILER_APPICON_NAME = AppIcon;
				CLANG_ENABLE_MODULES = YES;
				INFOPLIST_FILE = GroupContact/Info.plist;
				IPHONEOS_DEPLOYMENT_TARGET = 8.3;
				LD_RUNPATH_SEARCH_PATHS = "$(inherited) @executable_path/Frameworks";
				PRODUCT_NAME = "$(TARGET_NAME)";
				SWIFT_INCLUDE_PATHS = "";
				SWIFT_OBJC_BRIDGING_HEADER = "GroupContact/GroupContact-Bridging-Header.h";
				SWIFT_OPTIMIZATION_LEVEL = "-Onone";
			};
			name = Debug;
		};
		FD42A3281AECB218003495C3 /* Release */ = {
			isa = XCBuildConfiguration;
			buildSettings = {
				ASSETCATALOG_COMPILER_APPICON_NAME = AppIcon;
				CLANG_ENABLE_MODULES = YES;
				INFOPLIST_FILE = GroupContact/Info.plist;
				IPHONEOS_DEPLOYMENT_TARGET = 8.3;
				LD_RUNPATH_SEARCH_PATHS = "$(inherited) @executable_path/Frameworks";
				PRODUCT_NAME = "$(TARGET_NAME)";
				SWIFT_OBJC_BRIDGING_HEADER = "GroupContact/GroupContact-Bridging-Header.h";
			};
			name = Release;
		};
		FD42A32A1AECB218003495C3 /* Debug */ = {
			isa = XCBuildConfiguration;
			buildSettings = {
				BUNDLE_LOADER = "$(TEST_HOST)";
				FRAMEWORK_SEARCH_PATHS = (
					"$(SDKROOT)/Developer/Library/Frameworks",
					"$(inherited)",
				);
				GCC_PREPROCESSOR_DEFINITIONS = (
					"DEBUG=1",
					"$(inherited)",
				);
				INFOPLIST_FILE = GroupContactTests/Info.plist;
				LD_RUNPATH_SEARCH_PATHS = "$(inherited) @executable_path/Frameworks @loader_path/Frameworks";
				PRODUCT_NAME = "$(TARGET_NAME)";
				TEST_HOST = "$(BUILT_PRODUCTS_DIR)/GroupContact.app/GroupContact";
			};
			name = Debug;
		};
		FD42A32B1AECB218003495C3 /* Release */ = {
			isa = XCBuildConfiguration;
			buildSettings = {
				BUNDLE_LOADER = "$(TEST_HOST)";
				FRAMEWORK_SEARCH_PATHS = (
					"$(SDKROOT)/Developer/Library/Frameworks",
					"$(inherited)",
				);
				INFOPLIST_FILE = GroupContactTests/Info.plist;
				LD_RUNPATH_SEARCH_PATHS = "$(inherited) @executable_path/Frameworks @loader_path/Frameworks";
				PRODUCT_NAME = "$(TARGET_NAME)";
				TEST_HOST = "$(BUILT_PRODUCTS_DIR)/GroupContact.app/GroupContact";
			};
			name = Release;
		};
/* End XCBuildConfiguration section */

/* Begin XCConfigurationList section */
		FD42A3021AECB218003495C3 /* Build configuration list for PBXProject "GroupContact" */ = {
			isa = XCConfigurationList;
			buildConfigurations = (
				FD42A3241AECB218003495C3 /* Debug */,
				FD42A3251AECB218003495C3 /* Release */,
			);
			defaultConfigurationIsVisible = 0;
			defaultConfigurationName = Release;
		};
		FD42A3261AECB218003495C3 /* Build configuration list for PBXNativeTarget "GroupContact" */ = {
			isa = XCConfigurationList;
			buildConfigurations = (
				FD42A3271AECB218003495C3 /* Debug */,
				FD42A3281AECB218003495C3 /* Release */,
			);
			defaultConfigurationIsVisible = 0;
			defaultConfigurationName = Release;
		};
		FD42A3291AECB218003495C3 /* Build configuration list for PBXNativeTarget "GroupContactTests" */ = {
			isa = XCConfigurationList;
			buildConfigurations = (
				FD42A32A1AECB218003495C3 /* Debug */,
				FD42A32B1AECB218003495C3 /* Release */,
			);
			defaultConfigurationIsVisible = 0;
			defaultConfigurationName = Release;
		};
/* End XCConfigurationList section */
	};
	rootObject = FD42A2FF1AECB218003495C3 /* Project object */;
}
